
Microsoft Visual Studio Solution File, Format Version 12.00
# Visual Studio Version 17
VisualStudioVersion = 17.13.35913.81 d17.13
MinimumVisualStudioVersion = 10.0.40219.1
Project("{FAE04EC0-301F-11D3-BF4B-00C04F79EFBC}") = "NSdisplay", "NSdisplay.csproj", "{B0D92A94-DF52-56AE-DAF5-614E84745291}"
EndProject
Global
	GlobalSection(SolutionConfigurationPlatforms) = preSolution
		Debug|Any CPU = Debug|Any CPU
		Release|Any CPU = Release|Any CPU
	EndGlobalSection
	GlobalSection(ProjectConfigurationPlatforms) = postSolution
		{B0D92A94-DF52-56AE-DAF5-614E84745291}.Debug|Any CPU.ActiveCfg = Debug|Any CPU
		{B0D92A94-DF52-56AE-DAF5-614E84745291}.Debug|Any CPU.Build.0 = Debug|Any CPU
		{B0D92A94-DF52-56AE-DAF5-614E84745291}.Release|Any CPU.ActiveCfg = Release|Any CPU
		{B0D92A94-DF52-56AE-DAF5-614E84745291}.Release|Any CPU.Build.0 = Release|Any CPU
	EndGlobalSection
	GlobalSection(SolutionProperties) = preSolution
		HideSolutionNode = FALSE
	EndGlobalSection
	GlobalSection(ExtensibilityGlobals) = postSolution
		SolutionGuid = {98DEBE96-2FE8-4BBD-9FC7-DBB112A1BAC4}
	EndGlobalSection
EndGlobal
